// !$*UTF8*$!
{
	archiveVersion = 1;
	classes = {
	};
	objectVersion = 56;
	objects = {

/* Begin PBXBuildFile section */
		5D17E42F2B685063001D2F29 /* AppDelegate.swift in Sources */ = {isa = PBXBuildFile; fileRef = 5D17E42E2B685063001D2F29 /* AppDelegate.swift */; };
		5D17E4312B685063001D2F29 /* SceneDelegate.swift in Sources */ = {isa = PBXBuildFile; fileRef = 5D17E4302B685063001D2F29 /* SceneDelegate.swift */; };
		5D17E4332B685063001D2F29 /* ViewController.swift in Sources */ = {isa = PBXBuildFile; fileRef = 5D17E4322B685063001D2F29 /* ViewController.swift */; };
		5D17E4362B685063001D2F29 /* Main.storyboard in Resources */ = {isa = PBXBuildFile; fileRef = 5D17E4342B685063001D2F29 /* Main.storyboard */; };
		5D17E4392B685063001D2F29 /* Balls.xcdatamodeld in Sources */ = {isa = PBXBuildFile; fileRef = 5D17E4372B685063001D2F29 /* Balls.xcdatamodeld */; };
		5D17E43B2B685065001D2F29 /* Assets.xcassets in Resources */ = {isa = PBXBuildFile; fileRef = 5D17E43A2B685065001D2F29 /* Assets.xcassets */; };
		5D17E43E2B685065001D2F29 /* LaunchScreen.storyboard in Resources */ = {isa = PBXBuildFile; fileRef = 5D17E43C2B685065001D2F29 /* LaunchScreen.storyboard */; };
		5D17E4492B685066001D2F29 /* BallsTests.swift in Sources */ = {isa = PBXBuildFile; fileRef = 5D17E4482B685066001D2F29 /* BallsTests.swift */; };
		5D17E4532B685066001D2F29 /* BallsUITests.swift in Sources */ = {isa = PBXBuildFile; fileRef = 5D17E4522B685066001D2F29 /* BallsUITests.swift */; };
		5D17E4552B685066001D2F29 /* BallsUITestsLaunchTests.swift in Sources */ = {isa = PBXBuildFile; fileRef = 5D17E4542B685066001D2F29 /* BallsUITestsLaunchTests.swift */; };
/* End PBXBuildFile section */

/* Begin PBXContainerItemProxy section */
		5D17E4452B685066001D2F29 /* PBXContainerItemProxy */ = {
			isa = PBXContainerItemProxy;
			containerPortal = 5D17E4232B685063001D2F29 /* Project object */;
			proxyType = 1;
			remoteGlobalIDString = 5D17E42A2B685063001D2F29;
			remoteInfo = Balls;
		};
		5D17E44F2B685066001D2F29 /* PBXContainerItemProxy */ = {
			isa = PBXContainerItemProxy;
			containerPortal = 5D17E4232B685063001D2F29 /* Project object */;
			proxyType = 1;
			remoteGlobalIDString = 5D17E42A2B685063001D2F29;
			remoteInfo = Balls;
		};
/* End PBXContainerItemProxy section */

/* Begin PBXFileReference section */
		5D17E42B2B685063001D2F29 /* Balls.app */ = {isa = PBXFileReference; explicitFileType = wrapper.application; includeInIndex = 0; path = Balls.app; sourceTree = BUILT_PRODUCTS_DIR; };
		5D17E42E2B685063001D2F29 /* AppDelegate.swift */ = {isa = PBXFileReference; lastKnownFileType = sourcecode.swift; path = AppDelegate.swift; sourceTree = "<group>"; };
		5D17E4302B685063001D2F29 /* SceneDelegate.swift */ = {isa = PBXFileReference; lastKnownFileType = sourcecode.swift; path = SceneDelegate.swift; sourceTree = "<group>"; };
		5D17E4322B685063001D2F29 /* ViewController.swift */ = {isa = PBXFileReference; lastKnownFileType = sourcecode.swift; path = ViewController.swift; sourceTree = "<group>"; };
		5D17E4352B685063001D2F29 /* Base */ = {isa = PBXFileReference; lastKnownFileType = file.storyboard; name = Base; path = Base.lproj/Main.storyboard; sourceTree = "<group>"; };
		5D17E4382B685063001D2F29 /* Balls.xcdatamodel */ = {isa = PBXFileReference; lastKnownFileType = wrapper.xcdatamodel; path = Balls.xcdatamodel; sourceTree = "<group>"; };
		5D17E43A2B685065001D2F29 /* Assets.xcassets */ = {isa = PBXFileReference; lastKnownFileType = folder.assetcatalog; path = Assets.xcassets; sourceTree = "<group>"; };
		5D17E43D2B685065001D2F29 /* Base */ = {isa = PBXFileReference; lastKnownFileType = file.storyboard; name = Base; path = Base.lproj/LaunchScreen.storyboard; sourceTree = "<group>"; };
		5D17E43F2B685065001D2F29 /* Info.plist */ = {isa = PBXFileReference; lastKnownFileType = text.plist.xml; path = Info.plist; sourceTree = "<group>"; };
		5D17E4442B685066001D2F29 /* BallsTests.xctest */ = {isa = PBXFileReference; explicitFileType = wrapper.cfbundle; includeInIndex = 0; path = BallsTests.xctest; sourceTree = BUILT_PRODUCTS_DIR; };
		5D17E4482B685066001D2F29 /* BallsTests.swift */ = {isa = PBXFileReference; lastKnownFileType = sourcecode.swift; path = BallsTests.swift; sourceTree = "<group>"; };
		5D17E44E2B685066001D2F29 /* BallsUITests.xctest */ = {isa = PBXFileReference; explicitFileType = wrapper.cfbundle; includeInIndex = 0; path = BallsUITests.xctest; sourceTree = BUILT_PRODUCTS_DIR; };
		5D17E4522B685066001D2F29 /* BallsUITests.swift */ = {isa = PBXFileReference; lastKnownFileType = sourcecode.swift; path = BallsUITests.swift; sourceTree = "<group>"; };
		5D17E4542B685066001D2F29 /* BallsUITestsLaunchTests.swift */ = {isa = PBXFileReference; lastKnownFileType = sourcecode.swift; path = BallsUITestsLaunchTests.swift; sourceTree = "<group>"; };
/* End PBXFileReference section */

/* Begin PBXFrameworksBuildPhase section */
		5D17E4282B685063001D2F29 /* Frameworks */ = {
			isa = PBXFrameworksBuildPhase;
			buildActionMask = 2147483647;
			files = (
			);
			runOnlyForDeploymentPostprocessing = 0;
		};
		5D17E4412B685066001D2F29 /* Frameworks */ = {
			isa = PBXFrameworksBuildPhase;
			buildActionMask = 2147483647;
			files = (
			);
			runOnlyForDeploymentPostprocessing = 0;
		};
		5D17E44B2B685066001D2F29 /* Frameworks */ = {
			isa = PBXFrameworksBuildPhase;
			buildActionMask = 2147483647;
			files = (
			);
			runOnlyForDeploymentPostprocessing = 0;
		};
/* End PBXFrameworksBuildPhase section */

/* Begin PBXGroup section */
		5D17E4222B685063001D2F29 = {
			isa = PBXGroup;
			children = (
				5D17E42D2B685063001D2F29 /* Balls */,
				5D17E4472B685066001D2F29 /* BallsTests */,
				5D17E4512B685066001D2F29 /* BallsUITests */,
				5D17E42C2B685063001D2F29 /* Products */,
			);
			sourceTree = "<group>";
		};
		5D17E42C2B685063001D2F29 /* Products */ = {
			isa = PBXGroup;
			children = (
				5D17E42B2B685063001D2F29 /* Balls.app */,
				5D17E4442B685066001D2F29 /* BallsTests.xctest */,
				5D17E44E2B685066001D2F29 /* BallsUITests.xctest */,
			);
			name = Products;
			sourceTree = "<group>";
		};
		5D17E42D2B685063001D2F29 /* Balls */ = {
			isa = PBXGroup;
			children = (
				5D17E42E2B685063001D2F29 /* AppDelegate.swift */,
				5D17E4302B685063001D2F29 /* SceneDelegate.swift */,
				5D17E4322B685063001D2F29 /* ViewController.swift */,
				5D17E4342B685063001D2F29 /* Main.storyboard */,
				5D17E43A2B685065001D2F29 /* Assets.xcassets */,
				5D17E43C2B685065001D2F29 /* LaunchScreen.storyboard */,
				5D17E43F2B685065001D2F29 /* Info.plist */,
				5D17E4372B685063001D2F29 /* Balls.xcdatamodeld */,
			);
			path = Balls;
			sourceTree = "<group>";
		};
		5D17E4472B685066001D2F29 /* BallsTests */ = {
			isa = PBXGroup;
			children = (
				5D17E4482B685066001D2F29 /* BallsTests.swift */,
			);
			path = BallsTests;
			sourceTree = "<group>";
		};
		5D17E4512B685066001D2F29 /* BallsUITests */ = {
			isa = PBXGroup;
			children = (
				5D17E4522B685066001D2F29 /* BallsUITests.swift */,
				5D17E4542B685066001D2F29 /* BallsUITestsLaunchTests.swift */,
			);
			path = BallsUITests;
			sourceTree = "<group>";
		};
/* End PBXGroup section */

/* Begin PBXNativeTarget section */
		5D17E42A2B685063001D2F29 /* Balls */ = {
			isa = PBXNativeTarget;
			buildConfigurationList = 5D17E4582B685066001D2F29 /* Build configuration list for PBXNativeTarget "Balls" */;
			buildPhases = (
				5D17E4272B685063001D2F29 /* Sources */,
				5D17E4282B685063001D2F29 /* Frameworks */,
				5D17E4292B685063001D2F29 /* Resources */,
			);
			buildRules = (
			);
			dependencies = (
			);
			name = Balls;
			productName = Balls;
			productReference = 5D17E42B2B685063001D2F29 /* Balls.app */;
			productType = "com.apple.product-type.application";
		};
		5D17E4432B685066001D2F29 /* BallsTests */ = {
			isa = PBXNativeTarget;
			buildConfigurationList = 5D17E45B2B685066001D2F29 /* Build configuration list for PBXNativeTarget "BallsTests" */;
			buildPhases = (
				5D17E4402B685066001D2F29 /* Sources */,
				5D17E4412B685066001D2F29 /* Frameworks */,
				5D17E4422B685066001D2F29 /* Resources */,
			);
			buildRules = (
			);
			dependencies = (
				5D17E4462B685066001D2F29 /* PBXTargetDependency */,
			);
			name = BallsTests;
			productName = BallsTests;
			productReference = 5D17E4442B685066001D2F29 /* BallsTests.xctest */;
			productType = "com.apple.product-type.bundle.unit-test";
		};
		5D17E44D2B685066001D2F29 /* BallsUITests */ = {
			isa = PBXNativeTarget;
			buildConfigurationList = 5D17E45E2B685066001D2F29 /* Build configuration list for PBXNativeTarget "BallsUITests" */;
			buildPhases = (
				5D17E44A2B685066001D2F29 /* Sources */,
				5D17E44B2B685066001D2F29 /* Frameworks */,
				5D17E44C2B685066001D2F29 /* Resources */,
			);
			buildRules = (
			);
			dependencies = (
				5D17E4502B685066001D2F29 /* PBXTargetDependency */,
			);
			name = BallsUITests;
			productName = BallsUITests;
			productReference = 5D17E44E2B685066001D2F29 /* BallsUITests.xctest */;
			productType = "com.apple.product-type.bundle.ui-testing";
		};
/* End PBXNativeTarget section */

/* Begin PBXProject section */
		5D17E4232B685063001D2F29 /* Project object */ = {
			isa = PBXProject;
			attributes = {
				BuildIndependentTargetsInParallel = 1;
				LastSwiftUpdateCheck = 1410;
				LastUpgradeCheck = 1410;
				TargetAttributes = {
					5D17E42A2B685063001D2F29 = {
						CreatedOnToolsVersion = 14.1;
					};
					5D17E4432B685066001D2F29 = {
						CreatedOnToolsVersion = 14.1;
						TestTargetID = 5D17E42A2B685063001D2F29;
					};
					5D17E44D2B685066001D2F29 = {
						CreatedOnToolsVersion = 14.1;
						TestTargetID = 5D17E42A2B685063001D2F29;
					};
				};
			};
			buildConfigurationList = 5D17E4262B685063001D2F29 /* Build configuration list for PBXProject "Balls" */;
			compatibilityVersion = "Xcode 14.0";
			developmentRegion = en;
			hasScannedForEncodings = 0;
			knownRegions = (
				en,
				Base,
			);
			mainGroup = 5D17E4222B685063001D2F29;
			productRefGroup = 5D17E42C2B685063001D2F29 /* Products */;
			projectDirPath = "";
			projectRoot = "";
			targets = (
				5D17E42A2B685063001D2F29 /* Balls */,
				5D17E4432B685066001D2F29 /* BallsTests */,
				5D17E44D2B685066001D2F29 /* BallsUITests */,
			);
		};
/* End PBXProject section */

/* Begin PBXResourcesBuildPhase section */
		5D17E4292B685063001D2F29 /* Resources */ = {
			isa = PBXResourcesBuildPhase;
			buildActionMask = 2147483647;
			files = (
				5D17E43E2B685065001D2F29 /* LaunchScreen.storyboard in Resources */,
				5D17E43B2B685065001D2F29 /* Assets.xcassets in Resources */,
				5D17E4362B685063001D2F29 /* Main.storyboard in Resources */,
			);
			runOnlyForDeploymentPostprocessing = 0;
		};
		5D17E4422B685066001D2F29 /* Resources */ = {
			isa = PBXResourcesBuildPhase;
			buildActionMask = 2147483647;
			files = (
			);
			runOnlyForDeploymentPostprocessing = 0;
		};
		5D17E44C2B685066001D2F29 /* Resources */ = {
			isa = PBXResourcesBuildPhase;
			buildActionMask = 2147483647;
			files = (
			);
			runOnlyForDeploymentPostprocessing = 0;
		};
/* End PBXResourcesBuildPhase section */

/* Begin PBXSourcesBuildPhase section */
		5D17E4272B685063001D2F29 /* Sources */ = {
			isa = PBXSourcesBuildPhase;
			buildActionMask = 2147483647;
			files = (
				5D17E4392B685063001D2F29 /* Balls.xcdatamodeld in Sources */,
				5D17E4332B685063001D2F29 /* ViewController.swift in Sources */,
				5D17E42F2B685063001D2F29 /* AppDelegate.swift in Sources */,
				5D17E4312B685063001D2F29 /* SceneDelegate.swift in Sources */,
			);
			runOnlyForDeploymentPostprocessing = 0;
		};
		5D17E4402B685066001D2F29 /* Sources */ = {
			isa = PBXSourcesBuildPhase;
			buildActionMask = 2147483647;
			files = (
				5D17E4492B685066001D2F29 /* BallsTests.swift in Sources */,
			);
			runOnlyForDeploymentPostprocessing = 0;
		};
		5D17E44A2B685066001D2F29 /* Sources */ = {
			isa = PBXSourcesBuildPhase;
			buildActionMask = 2147483647;
			files = (
				5D17E4532B685066001D2F29 /* BallsUITests.swift in Sources */,
				5D17E4552B685066001D2F29 /* BallsUITestsLaunchTests.swift in Sources */,
			);
			runOnlyForDeploymentPostprocessing = 0;
		};
/* End PBXSourcesBuildPhase section */

/* Begin PBXTargetDependency section */
		5D17E4462B685066001D2F29 /* PBXTargetDependency */ = {
			isa = PBXTargetDependency;
			target = 5D17E42A2B685063001D2F29 /* Balls */;
			targetProxy = 5D17E4452B685066001D2F29 /* PBXContainerItemProxy */;
		};
		5D17E4502B685066001D2F29 /* PBXTargetDependency */ = {
			isa = PBXTargetDependency;
			target = 5D17E42A2B685063001D2F29 /* Balls */;
			targetProxy = 5D17E44F2B685066001D2F29 /* PBXContainerItemProxy */;
		};
/* End PBXTargetDependency section */

/* Begin PBXVariantGroup section */
		5D17E4342B685063001D2F29 /* Main.storyboard */ = {
			isa = PBXVariantGroup;
			children = (
				5D17E4352B685063001D2F29 /* Base */,
			);
			name = Main.storyboard;
			sourceTree = "<group>";
		};
		5D17E43C2B685065001D2F29 /* LaunchScreen.storyboard */ = {
			isa = PBXVariantGroup;
			children = (
				5D17E43D2B685065001D2F29 /* Base */,
			);
			name = LaunchScreen.storyboard;
			sourceTree = "<group>";
		};
/* End PBXVariantGroup section */

/* Begin XCBuildConfiguration section */
		5D17E4562B685066001D2F29 /* Debug */ = {
			isa = XCBuildConfiguration;
			buildSettings = {
				ALWAYS_SEARCH_USER_PATHS = NO;
				CLANG_ANALYZER_NONNULL = YES;
				CLANG_ANALYZER_NUMBER_OBJECT_CONVERSION = YES_AGGRESSIVE;
				CLANG_CXX_LANGUAGE_STANDARD = "gnu++20";
				CLANG_ENABLE_MODULES = YES;
				CLANG_ENABLE_OBJC_ARC = YES;
				CLANG_ENABLE_OBJC_WEAK = YES;
				CLANG_WARN_BLOCK_CAPTURE_AUTORELEASING = YES;
				CLANG_WARN_BOOL_CONVERSION = YES;
				CLANG_WARN_COMMA = YES;
				CLANG_WARN_CONSTANT_CONVERSION = YES;
				CLANG_WARN_DEPRECATED_OBJC_IMPLEMENTATIONS = YES;
				CLANG_WARN_DIRECT_OBJC_ISA_USAGE = YES_ERROR;
				CLANG_WARN_DOCUMENTATION_COMMENTS = YES;
				CLANG_WARN_EMPTY_BODY = YES;
				CLANG_WARN_ENUM_CONVERSION = YES;
				CLANG_WARN_INFINITE_RECURSION = YES;
				CLANG_WARN_INT_CONVERSION = YES;
				CLANG_WARN_NON_LITERAL_NULL_CONVERSION = YES;
				CLANG_WARN_OBJC_IMPLICIT_RETAIN_SELF = YES;
				CLANG_WARN_OBJC_LITERAL_CONVERSION = YES;
				CLANG_WARN_OBJC_ROOT_CLASS = YES_ERROR;
				CLANG_WARN_QUOTED_INCLUDE_IN_FRAMEWORK_HEADER = YES;
				CLANG_WARN_RANGE_LOOP_ANALYSIS = YES;
				CLANG_WARN_STRICT_PROTOTYPES = YES;
				CLANG_WARN_SUSPICIOUS_MOVE = YES;
				CLANG_WARN_UNGUARDED_AVAILABILITY = YES_AGGRESSIVE;
				CLANG_WARN_UNREACHABLE_CODE = YES;
				CLANG_WARN__DUPLICATE_METHOD_MATCH = YES;
				COPY_PHASE_STRIP = NO;
				DEBUG_INFORMATION_FORMAT = dwarf;
				ENABLE_STRICT_OBJC_MSGSEND = YES;
				ENABLE_TESTABILITY = YES;
				GCC_C_LANGUAGE_STANDARD = gnu11;
				GCC_DYNAMIC_NO_PIC = NO;
				GCC_NO_COMMON_BLOCKS = YES;
				GCC_OPTIMIZATION_LEVEL = 0;
				GCC_PREPROCESSOR_DEFINITIONS = (
					"DEBUG=1",
					"$(inherited)",
				);
				GCC_WARN_64_TO_32_BIT_CONVERSION = YES;
				GCC_WARN_ABOUT_RETURN_TYPE = YES_ERROR;
				GCC_WARN_UNDECLARED_SELECTOR = YES;
				GCC_WARN_UNINITIALIZED_AUTOS = YES_AGGRESSIVE;
				GCC_WARN_UNUSED_FUNCTION = YES;
				GCC_WARN_UNUSED_VARIABLE = YES;
				IPHONEOS_DEPLOYMENT_TARGET = 16.1;
				MTL_ENABLE_DEBUG_INFO = INCLUDE_SOURCE;
				MTL_FAST_MATH = YES;
				ONLY_ACTIVE_ARCH = YES;
				SDKROOT = iphoneos;
				SWIFT_ACTIVE_COMPILATION_CONDITIONS = DEBUG;
				SWIFT_OPTIMIZATION_LEVEL = "-Onone";
			};
			name = Debug;
		};
		5D17E4572B685066001D2F29 /* Release */ = {
			isa = XCBuildConfiguration;
			buildSettings = {
				ALWAYS_SEARCH_USER_PATHS = NO;
				CLANG_ANALYZER_NONNULL = YES;
				CLANG_ANALYZER_NUMBER_OBJECT_CONVERSION = YES_AGGRESSIVE;
				CLANG_CXX_LANGUAGE_STANDARD = "gnu++20";
				CLANG_ENABLE_MODULES = YES;
				CLANG_ENABLE_OBJC_ARC = YES;
				CLANG_ENABLE_OBJC_WEAK = YES;
				CLANG_WARN_BLOCK_CAPTURE_AUTORELEASING = YES;
				CLANG_WARN_BOOL_CONVERSION = YES;
				CLANG_WARN_COMMA = YES;
				CLANG_WARN_CONSTANT_CONVERSION = YES;
				CLANG_WARN_DEPRECATED_OBJC_IMPLEMENTATIONS = YES;
				CLANG_WARN_DIRECT_OBJC_ISA_USAGE = YES_ERROR;
				CLANG_WARN_DOCUMENTATION_COMMENTS = YES;
				CLANG_WARN_EMPTY_BODY = YES;
				CLANG_WARN_ENUM_CONVERSION = YES;
				CLANG_WARN_INFINITE_RECURSION = YES;
				CLANG_WARN_INT_CONVERSION = YES;
				CLANG_WARN_NON_LITERAL_NULL_CONVERSION = YES;
				CLANG_WARN_OBJC_IMPLICIT_RETAIN_SELF = YES;
				CLANG_WARN_OBJC_LITERAL_CONVERSION = YES;
				CLANG_WARN_OBJC_ROOT_CLASS = YES_ERROR;
				CLANG_WARN_QUOTED_INCLUDE_IN_FRAMEWORK_HEADER = YES;
				CLANG_WARN_RANGE_LOOP_ANALYSIS = YES;
				CLANG_WARN_STRICT_PROTOTYPES = YES;
				CLANG_WARN_SUSPICIOUS_MOVE = YES;
				CLANG_WARN_UNGUARDED_AVAILABILITY = YES_AGGRESSIVE;
				CLANG_WARN_UNREACHABLE_CODE = YES;
				CLANG_WARN__DUPLICATE_METHOD_MATCH = YES;
				COPY_PHASE_STRIP = NO;
				DEBUG_INFORMATION_FORMAT = "dwarf-with-dsym";
				ENABLE_NS_ASSERTIONS = NO;
				ENABLE_STRICT_OBJC_MSGSEND = YES;
				GCC_C_LANGUAGE_STANDARD = gnu11;
				GCC_NO_COMMON_BLOCKS = YES;
				GCC_WARN_64_TO_32_BIT_CONVERSION = YES;
				GCC_WARN_ABOUT_RETURN_TYPE = YES_ERROR;
				GCC_WARN_UNDECLARED_SELECTOR = YES;
				GCC_WARN_UNINITIALIZED_AUTOS = YES_AGGRESSIVE;
				GCC_WARN_UNUSED_FUNCTION = YES;
				GCC_WARN_UNUSED_VARIABLE = YES;
				IPHONEOS_DEPLOYMENT_TARGET = 16.1;
				MTL_ENABLE_DEBUG_INFO = NO;
				MTL_FAST_MATH = YES;
				SDKROOT = iphoneos;
				SWIFT_COMPILATION_MODE = wholemodule;
				SWIFT_OPTIMIZATION_LEVEL = "-O";
				VALIDATE_PRODUCT = YES;
			};
			name = Release;
		};
		5D17E4592B685066001D2F29 /* Debug */ = {
			isa = XCBuildConfiguration;
			buildSettings = {
				ASSETCATALOG_COMPILER_APPICON_NAME = AppIcon;
				ASSETCATALOG_COMPILER_GLOBAL_ACCENT_COLOR_NAME = AccentColor;
				CODE_SIGN_STYLE = Automatic;
				CURRENT_PROJECT_VERSION = 1;
				GENERATE_INFOPLIST_FILE = YES;
				INFOPLIST_FILE = Balls/Info.plist;
				INFOPLIST_KEY_UIApplicationSupportsIndirectInputEvents = YES;
				INFOPLIST_KEY_UILaunchStoryboardName = LaunchScreen;
				INFOPLIST_KEY_UIMainStoryboardFile = Main;
				INFOPLIST_KEY_UISupportedInterfaceOrientations_iPad = "UIInterfaceOrientationPortrait UIInterfaceOrientationPortraitUpsideDown UIInterfaceOrientationLandscapeLeft UIInterfaceOrientationLandscapeRight";
				INFOPLIST_KEY_UISupportedInterfaceOrientations_iPhone = "UIInterfaceOrientationPortrait UIInterfaceOrientationLandscapeLeft UIInterfaceOrientationLandscapeRight";
				LD_RUNPATH_SEARCH_PATHS = (
					"$(inherited)",
					"@executable_path/Frameworks",
				);
				MARKETING_VERSION = 1.0;
				PRODUCT_BUNDLE_IDENTIFIER = Fxe.Balls;
				PRODUCT_NAME = "$(TARGET_NAME)";
				SWIFT_EMIT_LOC_STRINGS = YES;
				SWIFT_VERSION = 5.0;
				TARGETED_DEVICE_FAMILY = "1,2";
			};
			name = Debug;
		};
		5D17E45A2B685066001D2F29 /* Release */ = {
			isa = XCBuildConfiguration;
			buildSettings = {
				ASSETCATALOG_COMPILER_APPICON_NAME = AppIcon;
				ASSETCATALOG_COMPILER_GLOBAL_ACCENT_COLOR_NAME = AccentColor;
				CODE_SIGN_STYLE = Automatic;
				CURRENT_PROJECT_VERSION = 1;
				GENERATE_INFOPLIST_FILE = YES;
				INFOPLIST_FILE = Balls/Info.plist;
				INFOPLIST_KEY_UIApplicationSupportsIndirectInputEvents = YES;
				INFOPLIST_KEY_UILaunchStoryboardName = LaunchScreen;
				INFOPLIST_KEY_UIMainStoryboardFile = Main;
				INFOPLIST_KEY_UISupportedInterfaceOrientations_iPad = "UIInterfaceOrientationPortrait UIInterfaceOrientationPortraitUpsideDown UIInterfaceOrientationLandscapeLeft UIInterfaceOrientationLandscapeRight";
				INFOPLIST_KEY_UISupportedInterfaceOrientations_iPhone = "UIInterfaceOrientationPortrait UIInterfaceOrientationLandscapeLeft UIInterfaceOrientationLandscapeRight";
				LD_RUNPATH_SEARCH_PATHS = (
					"$(inherited)",
					"@executable_path/Frameworks",
				);
				MARKETING_VERSION = 1.0;
				PRODUCT_BUNDLE_IDENTIFIER = Fxe.Balls;
				PRODUCT_NAME = "$(TARGET_NAME)";
				SWIFT_EMIT_LOC_STRINGS = YES;
				SWIFT_VERSION = 5.0;
				TARGETED_DEVICE_FAMILY = "1,2";
			};
			name = Release;
		};
		5D17E45C2B685066001D2F29 /* Debug */ = {
			isa = XCBuildConfiguration;
			buildSettings = {
				ALWAYS_EMBED_SWIFT_STANDARD_LIBRARIES = YES;
				BUNDLE_LOADER = "$(TEST_HOST)";
				CODE_SIGN_STYLE = Automatic;
				CURRENT_PROJECT_VERSION = 1;
				GENERATE_INFOPLIST_FILE = YES;
				IPHONEOS_DEPLOYMENT_TARGET = 16.1;
				MARKETING_VERSION = 1.0;
				PRODUCT_BUNDLE_IDENTIFIER = Fxe.BallsTests;
				PRODUCT_NAME = "$(TARGET_NAME)";
				SWIFT_EMIT_LOC_STRINGS = NO;
				SWIFT_VERSION = 5.0;
				TARGETED_DEVICE_FAMILY = "1,2";
				TEST_HOST = "$(BUILT_PRODUCTS_DIR)/Balls.app/$(BUNDLE_EXECUTABLE_FOLDER_PATH)/Balls";
			};
			name = Debug;
		};
		5D17E45D2B685066001D2F29 /* Release */ = {
			isa = XCBuildConfiguration;
			buildSettings = {
				ALWAYS_EMBED_SWIFT_STANDARD_LIBRARIES = YES;
				BUNDLE_LOADER = "$(TEST_HOST)";
				CODE_SIGN_STYLE = Automatic;
				CURRENT_PROJECT_VERSION = 1;
				GENERATE_INFOPLIST_FILE = YES;
				IPHONEOS_DEPLOYMENT_TARGET = 16.1;
				MARKETING_VERSION = 1.0;
				PRODUCT_BUNDLE_IDENTIFIER = Fxe.BallsTests;
				PRODUCT_NAME = "$(TARGET_NAME)";
				SWIFT_EMIT_LOC_STRINGS = NO;
				SWIFT_VERSION = 5.0;
				TARGETED_DEVICE_FAMILY = "1,2";
				TEST_HOST = "$(BUILT_PRODUCTS_DIR)/Balls.app/$(BUNDLE_EXECUTABLE_FOLDER_PATH)/Balls";
			};
			name = Release;
		};
		5D17E45F2B685066001D2F29 /* Debug */ = {
			isa = XCBuildConfiguration;
			buildSettings = {
				ALWAYS_EMBED_SWIFT_STANDARD_LIBRARIES = YES;
				CODE_SIGN_STYLE = Automatic;
				CURRENT_PROJECT_VERSION = 1;
				GENERATE_INFOPLIST_FILE = YES;
				MARKETING_VERSION = 1.0;
				PRODUCT_BUNDLE_IDENTIFIER = Fxe.BallsUITests;
				PRODUCT_NAME = "$(TARGET_NAME)";
				SWIFT_EMIT_LOC_STRINGS = NO;
				SWIFT_VERSION = 5.0;
				TARGETED_DEVICE_FAMILY = "1,2";
				TEST_TARGET_NAME = Balls;
			};
			name = Debug;
		};
		5D17E4602B685066001D2F29 /* Release */ = {
			isa = XCBuildConfiguration;
			buildSettings = {
				ALWAYS_EMBED_SWIFT_STANDARD_LIBRARIES = YES;
				CODE_SIGN_STYLE = Automatic;
				CURRENT_PROJECT_VERSION = 1;
				GENERATE_INFOPLIST_FILE = YES;
				MARKETING_VERSION = 1.0;
				PRODUCT_BUNDLE_IDENTIFIER = Fxe.BallsUITests;
				PRODUCT_NAME = "$(TARGET_NAME)";
				SWIFT_EMIT_LOC_STRINGS = NO;
				SWIFT_VERSION = 5.0;
				TARGETED_DEVICE_FAMILY = "1,2";
				TEST_TARGET_NAME = Balls;
			};
			name = Release;
		};
/* End XCBuildConfiguration section */

/* Begin XCConfigurationList section */
		5D17E4262B685063001D2F29 /* Build configuration list for PBXProject "Balls" */ = {
			isa = XCConfigurationList;
			buildConfigurations = (
				5D17E4562B685066001D2F29 /* Debug */,
				5D17E4572B685066001D2F29 /* Release */,
			);
			defaultConfigurationIsVisible = 0;
			defaultConfigurationName = Release;
		};
		5D17E4582B685066001D2F29 /* Build configuration list for PBXNativeTarget "Balls" */ = {
			isa = XCConfigurationList;
			buildConfigurations = (
				5D17E4592B685066001D2F29 /* Debug */,
				5D17E45A2B685066001D2F29 /* Release */,
			);
			defaultConfigurationIsVisible = 0;
			defaultConfigurationName = Release;
		};
		5D17E45B2B685066001D2F29 /* Build configuration list for PBXNativeTarget "BallsTests" */ = {
			isa = XCConfigurationList;
			buildConfigurations = (
				5D17E45C2B685066001D2F29 /* Debug */,
				5D17E45D2B685066001D2F29 /* Release */,
			);
			defaultConfigurationIsVisible = 0;
			defaultConfigurationName = Release;
		};
		5D17E45E2B685066001D2F29 /* Build configuration list for PBXNativeTarget "BallsUITests" */ = {
			isa = XCConfigurationList;
			buildConfigurations = (
				5D17E45F2B685066001D2F29 /* Debug */,
				5D17E4602B685066001D2F29 /* Release */,
			);
			defaultConfigurationIsVisible = 0;
			defaultConfigurationName = Release;
		};
/* End XCConfigurationList section */

/* Begin XCVersionGroup section */
		5D17E4372B685063001D2F29 /* Balls.xcdatamodeld */ = {
			isa = XCVersionGroup;
			children = (
				5D17E4382B685063001D2F29 /* Balls.xcdatamodel */,
			);
			currentVersion = 5D17E4382B685063001D2F29 /* Balls.xcdatamodel */;
			path = Balls.xcdatamodeld;
			sourceTree = "<group>";
			versionGroupType = wrapper.xcdatamodel;
		};
/* End XCVersionGroup section */
	};
	rootObject = 5D17E4232B685063001D2F29 /* Project object */;
}
